
Microsoft Visual Studio Solution File, Format Version 12.00
# Visual Studio 14
VisualStudioVersion = 14.0.25420.1
MinimumVisualStudioVersion = 10.0.40219.1
Project("{FAE04EC0-301F-11D3-BF4B-00C04F79EFBC}") = "Connexion", "Connexion\Connexion.csproj", "{43E5E83E-74FC-45B1-A0E5-8E154983ECB3}"
EndProject
Project("{FAE04EC0-301F-11D3-BF4B-00C04F79EFBC}") = "Professeur", "Professeur\Professeur.csproj", "{84D8699E-B70B-4B01-BE93-8373BC81A319}"
EndProject
Project("{FAE04EC0-301F-11D3-BF4B-00C04F79EFBC}") = "Etudiant", "Etudiant\Etudiant.csproj", "{68BCF683-F6B2-45B6-A096-EBDDE142DF89}"
EndProject
Project("{FAE04EC0-301F-11D3-BF4B-00C04F79EFBC}") = "Components", "Components\Components.csproj", "{EA381174-BB1E-47CF-A1F1-07F6C36308B6}"
EndProject
Project("{FAE04EC0-301F-11D3-BF4B-00C04F79EFBC}") = "Icons", "Icons\Icons.csproj", "{D59EEB53-3FFD-4189-8608-27FBB59D5923}"
EndProject
Global
	GlobalSection(SolutionConfigurationPlatforms) = preSolution
		Debug|Any CPU = Debug|Any CPU
		Release|Any CPU = Release|Any CPU
	EndGlobalSection
	GlobalSection(ProjectConfigurationPlatforms) = postSolution
		{43E5E83E-74FC-45B1-A0E5-8E154983ECB3}.Debug|Any CPU.ActiveCfg = Debug|Any CPU
		{43E5E83E-74FC-45B1-A0E5-8E154983ECB3}.Debug|Any CPU.Build.0 = Debug|Any CPU
		{43E5E83E-74FC-45B1-A0E5-8E154983ECB3}.Release|Any CPU.ActiveCfg = Release|Any CPU
		{43E5E83E-74FC-45B1-A0E5-8E154983ECB3}.Release|Any CPU.Build.0 = Release|Any CPU
		{84D8699E-B70B-4B01-BE93-8373BC81A319}.Debug|Any CPU.ActiveCfg = Debug|Any CPU
		{84D8699E-B70B-4B01-BE93-8373BC81A319}.Debug|Any CPU.Build.0 = Debug|Any CPU
		{84D8699E-B70B-4B01-BE93-8373BC81A319}.Release|Any CPU.ActiveCfg = Release|Any CPU
		{84D8699E-B70B-4B01-BE93-8373BC81A319}.Release|Any CPU.Build.0 = Release|Any CPU
		{68BCF683-F6B2-45B6-A096-EBDDE142DF89}.Debug|Any CPU.ActiveCfg = Debug|Any CPU
		{68BCF683-F6B2-45B6-A096-EBDDE142DF89}.Debug|Any CPU.Build.0 = Debug|Any CPU
		{68BCF683-F6B2-45B6-A096-EBDDE142DF89}.Release|Any CPU.ActiveCfg = Release|Any CPU
		{68BCF683-F6B2-45B6-A096-EBDDE142DF89}.Release|Any CPU.Build.0 = Release|Any CPU
		{EA381174-BB1E-47CF-A1F1-07F6C36308B6}.Debug|Any CPU.ActiveCfg = Debug|Any CPU
		{EA381174-BB1E-47CF-A1F1-07F6C36308B6}.Debug|Any CPU.Build.0 = Debug|Any CPU
		{EA381174-BB1E-47CF-A1F1-07F6C36308B6}.Release|Any CPU.ActiveCfg = Release|Any CPU
		{EA381174-BB1E-47CF-A1F1-07F6C36308B6}.Release|Any CPU.Build.0 = Release|Any CPU
		{D59EEB53-3FFD-4189-8608-27FBB59D5923}.Debug|Any CPU.ActiveCfg = Debug|Any CPU
		{D59EEB53-3FFD-4189-8608-27FBB59D5923}.Debug|Any CPU.Build.0 = Debug|Any CPU
		{D59EEB53-3FFD-4189-8608-27FBB59D5923}.Release|Any CPU.ActiveCfg = Release|Any CPU
		{D59EEB53-3FFD-4189-8608-27FBB59D5923}.Release|Any CPU.Build.0 = Release|Any CPU
	EndGlobalSection
	GlobalSection(SolutionProperties) = preSolution
		HideSolutionNode = FALSE
	EndGlobalSection
EndGlobal
